Microsoft Visual Studio Solution File, Format Version 12.00
# Visual Studio 2019
Project("{8BC9CEB8-8B4A-11D0-8D11-00A0C91BC942}") = "CORE_bzlib", ".\bzlib\CORE_bzlib_StaticMTD.vcxproj", "{700DFA8A-6575-4665-AAF5-5749402CADC3}"
EndProject
Project("{8BC9CEB8-8B4A-11D0-8D11-00A0C91BC942}") = "CORE_coders", ".\coders\CORE_coders_StaticMTD.vcxproj", "{76ADD116-93BA-4602-A76C-3CD25ADEF81B}"
EndProject
Project("{8BC9CEB8-8B4A-11D0-8D11-00A0C91BC942}") = "CORE_ffi", ".\ffi\CORE_ffi_StaticMTD.vcxproj", "{7C195C58-6DA6-4887-9F39-027D4FDDD0BD}"
EndProject
Project("{8BC9CEB8-8B4A-11D0-8D11-00A0C91BC942}") = "CORE_filters", ".\filters\CORE_filters_StaticMTD.vcxproj", "{5D0950C9-B86F-4235-973A-E472ABB9609F}"
EndProject
Project("{8BC9CEB8-8B4A-11D0-8D11-00A0C91BC942}") = "CORE_jpeg", ".\jpeg\CORE_jpeg_StaticMTD.vcxproj", "{7C20C389-D4A4-49A5-BBBE-9A5657A79A6D}"
EndProject
Project("{8BC9CEB8-8B4A-11D0-8D11-00A0C91BC942}") = "CORE_lcms", ".\lcms\CORE_lcms_StaticMTD.vcxproj", "{D2A0305F-46C5-4202-AD54-6A90DD26A00A}"
EndProject
Project("{8BC9CEB8-8B4A-11D0-8D11-00A0C91BC942}") = "CORE_libxml", ".\libxml\CORE_libxml_StaticMTD.vcxproj", "{8C6981C1-E7AC-48EE-AD7C-73C8C517F9B8}"
EndProject
Project("{8BC9CEB8-8B4A-11D0-8D11-00A0C91BC942}") = "CORE_Magick++", ".\Magick++\CORE_Magick++_StaticMTD.vcxproj", "{C4EB5F49-B5F6-4B4D-A995-5769E4AC575B}"
EndProject
Project("{8BC9CEB8-8B4A-11D0-8D11-00A0C91BC942}") = "CORE_MagickCore", ".\MagickCore\CORE_MagickCore_StaticMTD.vcxproj", "{3C30CA36-7CB1-4437-8A64-BB23E0C3666C}"
EndProject
Project("{8BC9CEB8-8B4A-11D0-8D11-00A0C91BC942}") = "CORE_MagickWand", ".\MagickWand\CORE_MagickWand_StaticMTD.vcxproj", "{0409F69A-2262-4B01-8B16-49B70940A296}"
EndProject
Project("{8BC9CEB8-8B4A-11D0-8D11-00A0C91BC942}") = "CORE_png", ".\png\CORE_png_StaticMTD.vcxproj", "{272F11E9-F56F-4D6E-A4E7-8AD2AB90E8F6}"
EndProject
Project("{8BC9CEB8-8B4A-11D0-8D11-00A0C91BC942}") = "CORE_tiff", ".\tiff\CORE_tiff_StaticMTD.vcxproj", "{2F4A05FA-9F76-4E23-826B-BBE9B33DECB1}"
EndProject
Project("{8BC9CEB8-8B4A-11D0-8D11-00A0C91BC942}") = "CORE_zlib", ".\zlib\CORE_zlib_StaticMTD.vcxproj", "{67123831-53B3-4183-A316-351BE002ED62}"
EndProject
EndProject
Global
	GlobalSection(SolutionConfigurationPlatforms) = preSolution
		Debug|x64 = Debug|x64
		Release|x64 = Release|x64
	EndGlobalSection
	GlobalSection(ProjectConfigurationPlatforms) = postSolution
		{700DFA8A-6575-4665-AAF5-5749402CADC3}.Debug|x64.ActiveCfg = Debug|x64
		{700DFA8A-6575-4665-AAF5-5749402CADC3}.Debug|x64.Build.0 = Debug|x64
		{700DFA8A-6575-4665-AAF5-5749402CADC3}.Release|x64.ActiveCfg = Release|x64
		{700DFA8A-6575-4665-AAF5-5749402CADC3}.Release|x64.Build.0 = Release|x64
		{EB91372F-C890-4344-BE63-3D726C5DD3A8}.Debug|x64.ActiveCfg = Debug|x64
		{EB91372F-C890-4344-BE63-3D726C5DD3A8}.Debug|x64.Build.0 = Debug|x64
		{EB91372F-C890-4344-BE63-3D726C5DD3A8}.Release|x64.ActiveCfg = Release|x64
		{EB91372F-C890-4344-BE63-3D726C5DD3A8}.Release|x64.Build.0 = Release|x64
		{76ADD116-93BA-4602-A76C-3CD25ADEF81B}.Debug|x64.ActiveCfg = Debug|x64
		{76ADD116-93BA-4602-A76C-3CD25ADEF81B}.Debug|x64.Build.0 = Debug|x64
		{76ADD116-93BA-4602-A76C-3CD25ADEF81B}.Release|x64.ActiveCfg = Release|x64
		{76ADD116-93BA-4602-A76C-3CD25ADEF81B}.Release|x64.Build.0 = Release|x64
		{43B773DE-20E6-4B47-9D66-464E65414E62}.Debug|x64.ActiveCfg = Debug|x64
		{43B773DE-20E6-4B47-9D66-464E65414E62}.Debug|x64.Build.0 = Debug|x64
		{43B773DE-20E6-4B47-9D66-464E65414E62}.Release|x64.ActiveCfg = Release|x64
		{43B773DE-20E6-4B47-9D66-464E65414E62}.Release|x64.Build.0 = Release|x64
		{A3943CD1-522D-4067-A4AE-6E6AEE5414E4}.Debug|x64.ActiveCfg = Debug|x64
		{A3943CD1-522D-4067-A4AE-6E6AEE5414E4}.Debug|x64.Build.0 = Debug|x64
		{A3943CD1-522D-4067-A4AE-6E6AEE5414E4}.Release|x64.ActiveCfg = Release|x64
		{A3943CD1-522D-4067-A4AE-6E6AEE5414E4}.Release|x64.Build.0 = Release|x64
		{17F0262B-D09F-40FB-9104-4C07D898A7ED}.Debug|x64.ActiveCfg = Debug|x64
		{17F0262B-D09F-40FB-9104-4C07D898A7ED}.Debug|x64.Build.0 = Debug|x64
		{17F0262B-D09F-40FB-9104-4C07D898A7ED}.Release|x64.ActiveCfg = Release|x64
		{17F0262B-D09F-40FB-9104-4C07D898A7ED}.Release|x64.Build.0 = Release|x64
		{7C195C58-6DA6-4887-9F39-027D4FDDD0BD}.Debug|x64.ActiveCfg = Debug|x64
		{7C195C58-6DA6-4887-9F39-027D4FDDD0BD}.Debug|x64.Build.0 = Debug|x64
		{7C195C58-6DA6-4887-9F39-027D4FDDD0BD}.Release|x64.ActiveCfg = Release|x64
		{7C195C58-6DA6-4887-9F39-027D4FDDD0BD}.Release|x64.Build.0 = Release|x64
		{5D0950C9-B86F-4235-973A-E472ABB9609F}.Debug|x64.ActiveCfg = Debug|x64
		{5D0950C9-B86F-4235-973A-E472ABB9609F}.Debug|x64.Build.0 = Debug|x64
		{5D0950C9-B86F-4235-973A-E472ABB9609F}.Release|x64.ActiveCfg = Release|x64
		{5D0950C9-B86F-4235-973A-E472ABB9609F}.Release|x64.Build.0 = Release|x64
		{2ECD654C-F6C5-4BFE-8B9E-8652FBDDA44F}.Debug|x64.ActiveCfg = Debug|x64
		{2ECD654C-F6C5-4BFE-8B9E-8652FBDDA44F}.Debug|x64.Build.0 = Debug|x64
		{2ECD654C-F6C5-4BFE-8B9E-8652FBDDA44F}.Release|x64.ActiveCfg = Release|x64
		{2ECD654C-F6C5-4BFE-8B9E-8652FBDDA44F}.Release|x64.Build.0 = Release|x64
		{565B564D-DA6A-4C6C-BD94-20A490A19640}.Debug|x64.ActiveCfg = Debug|x64
		{565B564D-DA6A-4C6C-BD94-20A490A19640}.Debug|x64.Build.0 = Debug|x64
		{565B564D-DA6A-4C6C-BD94-20A490A19640}.Release|x64.ActiveCfg = Release|x64
		{565B564D-DA6A-4C6C-BD94-20A490A19640}.Release|x64.Build.0 = Release|x64
		{E48C4CF2-A2D5-47E0-A95D-4328E0ADE2D5}.Debug|x64.ActiveCfg = Debug|x64
		{E48C4CF2-A2D5-47E0-A95D-4328E0ADE2D5}.Debug|x64.Build.0 = Debug|x64
		{E48C4CF2-A2D5-47E0-A95D-4328E0ADE2D5}.Release|x64.ActiveCfg = Release|x64
		{E48C4CF2-A2D5-47E0-A95D-4328E0ADE2D5}.Release|x64.Build.0 = Release|x64
		{F17A96F9-9DBF-433E-8A91-17422FDD2C63}.Debug|x64.ActiveCfg = Debug|x64
		{F17A96F9-9DBF-433E-8A91-17422FDD2C63}.Debug|x64.Build.0 = Debug|x64
		{F17A96F9-9DBF-433E-8A91-17422FDD2C63}.Release|x64.ActiveCfg = Release|x64
		{F17A96F9-9DBF-433E-8A91-17422FDD2C63}.Release|x64.Build.0 = Release|x64
		{D995FB90-34C3-4AB9-8C49-EE05DF17D7B1}.Debug|x64.ActiveCfg = Debug|x64
		{D995FB90-34C3-4AB9-8C49-EE05DF17D7B1}.Debug|x64.Build.0 = Debug|x64
		{D995FB90-34C3-4AB9-8C49-EE05DF17D7B1}.Release|x64.ActiveCfg = Release|x64
		{D995FB90-34C3-4AB9-8C49-EE05DF17D7B1}.Release|x64.Build.0 = Release|x64
		{7C20C389-D4A4-49A5-BBBE-9A5657A79A6D}.Debug|x64.ActiveCfg = Debug|x64
		{7C20C389-D4A4-49A5-BBBE-9A5657A79A6D}.Debug|x64.Build.0 = Debug|x64
		{7C20C389-D4A4-49A5-BBBE-9A5657A79A6D}.Release|x64.ActiveCfg = Release|x64
		{7C20C389-D4A4-49A5-BBBE-9A5657A79A6D}.Release|x64.Build.0 = Release|x64
		{D2A0305F-46C5-4202-AD54-6A90DD26A00A}.Debug|x64.ActiveCfg = Debug|x64
		{D2A0305F-46C5-4202-AD54-6A90DD26A00A}.Debug|x64.Build.0 = Debug|x64
		{D2A0305F-46C5-4202-AD54-6A90DD26A00A}.Release|x64.ActiveCfg = Release|x64
		{D2A0305F-46C5-4202-AD54-6A90DD26A00A}.Release|x64.Build.0 = Release|x64
		{4854D2A9-3F14-47A6-A0EC-DA467E1E3B8A}.Debug|x64.ActiveCfg = Debug|x64
		{4854D2A9-3F14-47A6-A0EC-DA467E1E3B8A}.Debug|x64.Build.0 = Debug|x64
		{4854D2A9-3F14-47A6-A0EC-DA467E1E3B8A}.Release|x64.ActiveCfg = Release|x64
		{4854D2A9-3F14-47A6-A0EC-DA467E1E3B8A}.Release|x64.Build.0 = Release|x64
		{3A51BB35-ACEF-4D85-9707-BBA8CB657456}.Debug|x64.ActiveCfg = Debug|x64
		{3A51BB35-ACEF-4D85-9707-BBA8CB657456}.Debug|x64.Build.0 = Debug|x64
		{3A51BB35-ACEF-4D85-9707-BBA8CB657456}.Release|x64.ActiveCfg = Release|x64
		{3A51BB35-ACEF-4D85-9707-BBA8CB657456}.Release|x64.Build.0 = Release|x64
		{8C6981C1-E7AC-48EE-AD7C-73C8C517F9B8}.Debug|x64.ActiveCfg = Debug|x64
		{8C6981C1-E7AC-48EE-AD7C-73C8C517F9B8}.Debug|x64.Build.0 = Debug|x64
		{8C6981C1-E7AC-48EE-AD7C-73C8C517F9B8}.Release|x64.ActiveCfg = Release|x64
		{8C6981C1-E7AC-48EE-AD7C-73C8C517F9B8}.Release|x64.Build.0 = Release|x64
		{31A2662B-636C-41A9-8B95-1E5FCABEDF45}.Debug|x64.ActiveCfg = Debug|x64
		{31A2662B-636C-41A9-8B95-1E5FCABEDF45}.Debug|x64.Build.0 = Debug|x64
		{31A2662B-636C-41A9-8B95-1E5FCABEDF45}.Release|x64.ActiveCfg = Release|x64
		{31A2662B-636C-41A9-8B95-1E5FCABEDF45}.Release|x64.Build.0 = Release|x64
		{C4EB5F49-B5F6-4B4D-A995-5769E4AC575B}.Debug|x64.ActiveCfg = Debug|x64
		{C4EB5F49-B5F6-4B4D-A995-5769E4AC575B}.Debug|x64.Build.0 = Debug|x64
		{C4EB5F49-B5F6-4B4D-A995-5769E4AC575B}.Release|x64.ActiveCfg = Release|x64
		{C4EB5F49-B5F6-4B4D-A995-5769E4AC575B}.Release|x64.Build.0 = Release|x64
		{3C30CA36-7CB1-4437-8A64-BB23E0C3666C}.Debug|x64.ActiveCfg = Debug|x64
		{3C30CA36-7CB1-4437-8A64-BB23E0C3666C}.Debug|x64.Build.0 = Debug|x64
		{3C30CA36-7CB1-4437-8A64-BB23E0C3666C}.Release|x64.ActiveCfg = Release|x64
		{3C30CA36-7CB1-4437-8A64-BB23E0C3666C}.Release|x64.Build.0 = Release|x64
		{0409F69A-2262-4B01-8B16-49B70940A296}.Debug|x64.ActiveCfg = Debug|x64
		{0409F69A-2262-4B01-8B16-49B70940A296}.Debug|x64.Build.0 = Debug|x64
		{0409F69A-2262-4B01-8B16-49B70940A296}.Release|x64.ActiveCfg = Release|x64
		{0409F69A-2262-4B01-8B16-49B70940A296}.Release|x64.Build.0 = Release|x64
		{EA89D36F-4C61-4581-840F-B32ABF4C66B5}.Debug|x64.ActiveCfg = Debug|x64
		{EA89D36F-4C61-4581-840F-B32ABF4C66B5}.Debug|x64.Build.0 = Debug|x64
		{EA89D36F-4C61-4581-840F-B32ABF4C66B5}.Release|x64.ActiveCfg = Release|x64
		{EA89D36F-4C61-4581-840F-B32ABF4C66B5}.Release|x64.Build.0 = Release|x64
		{C637EAA6-BA37-4AEC-A893-4AACC7ADE08D}.Debug|x64.ActiveCfg = Debug|x64
		{C637EAA6-BA37-4AEC-A893-4AACC7ADE08D}.Debug|x64.Build.0 = Debug|x64
		{C637EAA6-BA37-4AEC-A893-4AACC7ADE08D}.Release|x64.ActiveCfg = Release|x64
		{C637EAA6-BA37-4AEC-A893-4AACC7ADE08D}.Release|x64.Build.0 = Release|x64
		{433F05C8-5F38-4225-856B-DF8100B30860}.Debug|x64.ActiveCfg = Debug|x64
		{433F05C8-5F38-4225-856B-DF8100B30860}.Debug|x64.Build.0 = Debug|x64
		{433F05C8-5F38-4225-856B-DF8100B30860}.Release|x64.ActiveCfg = Release|x64
		{433F05C8-5F38-4225-856B-DF8100B30860}.Release|x64.Build.0 = Release|x64
		{272F11E9-F56F-4D6E-A4E7-8AD2AB90E8F6}.Debug|x64.ActiveCfg = Debug|x64
		{272F11E9-F56F-4D6E-A4E7-8AD2AB90E8F6}.Debug|x64.Build.0 = Debug|x64
		{272F11E9-F56F-4D6E-A4E7-8AD2AB90E8F6}.Release|x64.ActiveCfg = Release|x64
		{272F11E9-F56F-4D6E-A4E7-8AD2AB90E8F6}.Release|x64.Build.0 = Release|x64
		{2F4A05FA-9F76-4E23-826B-BBE9B33DECB1}.Debug|x64.ActiveCfg = Debug|x64
		{2F4A05FA-9F76-4E23-826B-BBE9B33DECB1}.Debug|x64.Build.0 = Debug|x64
		{2F4A05FA-9F76-4E23-826B-BBE9B33DECB1}.Release|x64.ActiveCfg = Release|x64
		{2F4A05FA-9F76-4E23-826B-BBE9B33DECB1}.Release|x64.Build.0 = Release|x64
		{F5463736-57CE-4EEC-A289-3070E1B9FFE8}.Debug|x64.ActiveCfg = Debug|x64
		{F5463736-57CE-4EEC-A289-3070E1B9FFE8}.Debug|x64.Build.0 = Debug|x64
		{F5463736-57CE-4EEC-A289-3070E1B9FFE8}.Release|x64.ActiveCfg = Release|x64
		{F5463736-57CE-4EEC-A289-3070E1B9FFE8}.Release|x64.Build.0 = Release|x64
		{9FC55C8B-1474-4A50-B836-E1E59C83A6FB}.Debug|x64.ActiveCfg = Debug|x64
		{9FC55C8B-1474-4A50-B836-E1E59C83A6FB}.Debug|x64.Build.0 = Debug|x64
		{9FC55C8B-1474-4A50-B836-E1E59C83A6FB}.Release|x64.ActiveCfg = Release|x64
		{9FC55C8B-1474-4A50-B836-E1E59C83A6FB}.Release|x64.Build.0 = Release|x64
		{811B6993-DE6D-4A87-9F6F-BD278FCA8441}.Debug|x64.ActiveCfg = Debug|x64
		{811B6993-DE6D-4A87-9F6F-BD278FCA8441}.Debug|x64.Build.0 = Debug|x64
		{811B6993-DE6D-4A87-9F6F-BD278FCA8441}.Release|x64.ActiveCfg = Release|x64
		{811B6993-DE6D-4A87-9F6F-BD278FCA8441}.Release|x64.Build.0 = Release|x64
		{B15BD792-46D8-4925-8324-926297A8B2A1}.Debug|x64.ActiveCfg = Debug|x64
		{B15BD792-46D8-4925-8324-926297A8B2A1}.Debug|x64.Build.0 = Debug|x64
		{B15BD792-46D8-4925-8324-926297A8B2A1}.Release|x64.ActiveCfg = Release|x64
		{B15BD792-46D8-4925-8324-926297A8B2A1}.Release|x64.Build.0 = Release|x64
		{79F65BBD-653B-45CF-BDF2-9AC0BE386F4F}.Debug|x64.ActiveCfg = Debug|x64
		{79F65BBD-653B-45CF-BDF2-9AC0BE386F4F}.Debug|x64.Build.0 = Debug|x64
		{79F65BBD-653B-45CF-BDF2-9AC0BE386F4F}.Release|x64.ActiveCfg = Release|x64
		{79F65BBD-653B-45CF-BDF2-9AC0BE386F4F}.Release|x64.Build.0 = Release|x64
		{3CBEDC97-BF94-4327-8CF2-90FBC56D5438}.Debug|x64.ActiveCfg = Debug|x64
		{3CBEDC97-BF94-4327-8CF2-90FBC56D5438}.Debug|x64.Build.0 = Debug|x64
		{3CBEDC97-BF94-4327-8CF2-90FBC56D5438}.Release|x64.ActiveCfg = Release|x64
		{3CBEDC97-BF94-4327-8CF2-90FBC56D5438}.Release|x64.Build.0 = Release|x64
		{2B248BC5-55A2-4B12-8221-4C855F3B3EA4}.Debug|x64.ActiveCfg = Debug|x64
		{2B248BC5-55A2-4B12-8221-4C855F3B3EA4}.Debug|x64.Build.0 = Debug|x64
		{2B248BC5-55A2-4B12-8221-4C855F3B3EA4}.Release|x64.ActiveCfg = Release|x64
		{2B248BC5-55A2-4B12-8221-4C855F3B3EA4}.Release|x64.Build.0 = Release|x64
		{8C6E15FE-99A4-4431-968B-008C1ACF47E0}.Debug|x64.ActiveCfg = Debug|x64
		{8C6E15FE-99A4-4431-968B-008C1ACF47E0}.Debug|x64.Build.0 = Debug|x64
		{8C6E15FE-99A4-4431-968B-008C1ACF47E0}.Release|x64.ActiveCfg = Release|x64
		{8C6E15FE-99A4-4431-968B-008C1ACF47E0}.Release|x64.Build.0 = Release|x64
		{5E24EA85-D12C-43B7-90B1-8B402AF0A32F}.Debug|x64.ActiveCfg = Debug|x64
		{5E24EA85-D12C-43B7-90B1-8B402AF0A32F}.Debug|x64.Build.0 = Debug|x64
		{5E24EA85-D12C-43B7-90B1-8B402AF0A32F}.Release|x64.ActiveCfg = Release|x64
		{5E24EA85-D12C-43B7-90B1-8B402AF0A32F}.Release|x64.Build.0 = Release|x64
		{10E163B6-8917-453A-9B23-704122CC2DAA}.Debug|x64.ActiveCfg = Debug|x64
		{10E163B6-8917-453A-9B23-704122CC2DAA}.Debug|x64.Build.0 = Debug|x64
		{10E163B6-8917-453A-9B23-704122CC2DAA}.Release|x64.ActiveCfg = Release|x64
		{10E163B6-8917-453A-9B23-704122CC2DAA}.Release|x64.Build.0 = Release|x64
		{52202A9B-9374-4E8E-A96E-7BFA6CFDC562}.Debug|x64.ActiveCfg = Debug|x64
		{52202A9B-9374-4E8E-A96E-7BFA6CFDC562}.Debug|x64.Build.0 = Debug|x64
		{52202A9B-9374-4E8E-A96E-7BFA6CFDC562}.Release|x64.ActiveCfg = Release|x64
		{52202A9B-9374-4E8E-A96E-7BFA6CFDC562}.Release|x64.Build.0 = Release|x64
		{67123831-53B3-4183-A316-351BE002ED62}.Debug|x64.ActiveCfg = Debug|x64
		{67123831-53B3-4183-A316-351BE002ED62}.Debug|x64.Build.0 = Debug|x64
		{67123831-53B3-4183-A316-351BE002ED62}.Release|x64.ActiveCfg = Release|x64
		{67123831-53B3-4183-A316-351BE002ED62}.Release|x64.Build.0 = Release|x64
	EndGlobalSection
EndGlobal
